// !$*UTF8*$!
{
	archiveVersion = 1;
	classes = {
	};
	objectVersion = 46;
	objects = {

/* Begin PBXBuildFile section */
		EB0F7FA81AE6E3BC0023E56D /* AppDelegate.swift in Sources */ = {isa = PBXBuildFile; fileRef = EB0F7FA71AE6E3BC0023E56D /* AppDelegate.swift */; };
		EB0F7FAA1AE6E3BC0023E56D /* ViewController.swift in Sources */ = {isa = PBXBuildFile; fileRef = EB0F7FA91AE6E3BC0023E56D /* ViewController.swift */; };
		EB0F7FAD1AE6E3BC0023E56D /* Main.storyboard in Resources */ = {isa = PBXBuildFile; fileRef = EB0F7FAB1AE6E3BC0023E56D /* Main.storyboard */; };
		EB0F7FAF1AE6E3BC0023E56D /* Images.xcassets in Resources */ = {isa = PBXBuildFile; fileRef = EB0F7FAE1AE6E3BC0023E56D /* Images.xcassets */; };
		EB0F7FB21AE6E3BC0023E56D /* LaunchScreen.xib in Resources */ = {isa = PBXBuildFile; fileRef = EB0F7FB01AE6E3BC0023E56D /* LaunchScreen.xib */; };
		EB0F7FBE1AE6E3BC0023E56D /* YoonyteTestForTabSignInTests.swift in Sources */ = {isa = PBXBuildFile; fileRef = EB0F7FBD1AE6E3BC0023E56D /* YoonyteTestForTabSignInTests.swift */; };
/* End PBXBuildFile section */

/* Begin PBXContainerItemProxy section */
		EB0F7FB81AE6E3BC0023E56D /* PBXContainerItemProxy */ = {
			isa = PBXContainerItemProxy;
			containerPortal = EB0F7F9A1AE6E3BC0023E56D /* Project object */;
			proxyType = 1;
			remoteGlobalIDString = EB0F7FA11AE6E3BC0023E56D;
			remoteInfo = YoonyteTestForTabSignIn;
		};
/* End PBXContainerItemProxy section */

/* Begin PBXFileReference section */
		EB0F7FA21AE6E3BC0023E56D /* YoonyteTestForTabSignIn.app */ = {isa = PBXFileReference; explicitFileType = wrapper.application; includeInIndex = 0; path = YoonyteTestForTabSignIn.app; sourceTree = BUILT_PRODUCTS_DIR; };
		EB0F7FA61AE6E3BC0023E56D /* Info.plist */ = {isa = PBXFileReference; lastKnownFileType = text.plist.xml; path = Info.plist; sourceTree = "<group>"; };
		EB0F7FA71AE6E3BC0023E56D /* AppDelegate.swift */ = {isa = PBXFileReference; lastKnownFileType = sourcecode.swift; path = AppDelegate.swift; sourceTree = "<group>"; };
		EB0F7FA91AE6E3BC0023E56D /* ViewController.swift */ = {isa = PBXFileReference; lastKnownFileType = sourcecode.swift; path = ViewController.swift; sourceTree = "<group>"; };
		EB0F7FAC1AE6E3BC0023E56D /* Base */ = {isa = PBXFileReference; lastKnownFileType = file.storyboard; name = Base; path = Base.lproj/Main.storyboard; sourceTree = "<group>"; };
		EB0F7FAE1AE6E3BC0023E56D /* Images.xcassets */ = {isa = PBXFileReference; lastKnownFileType = folder.assetcatalog; path = Images.xcassets; sourceTree = "<group>"; };
		EB0F7FB11AE6E3BC0023E56D /* Base */ = {isa = PBXFileReference; lastKnownFileType = file.xib; name = Base; path = Base.lproj/LaunchScreen.xib; sourceTree = "<group>"; };
		EB0F7FB71AE6E3BC0023E56D /* YoonyteTestForTabSignInTests.xctest */ = {isa = PBXFileReference; explicitFileType = wrapper.cfbundle; includeInIndex = 0; path = YoonyteTestForTabSignInTests.xctest; sourceTree = BUILT_PRODUCTS_DIR; };
		EB0F7FBC1AE6E3BC0023E56D /* Info.plist */ = {isa = PBXFileReference; lastKnownFileType = text.plist.xml; path = Info.plist; sourceTree = "<group>"; };
		EB0F7FBD1AE6E3BC0023E56D /* YoonyteTestForTabSignInTests.swift */ = {isa = PBXFileReference; lastKnownFileType = sourcecode.swift; path = YoonyteTestForTabSignInTests.swift; sourceTree = "<group>"; };
/* End PBXFileReference section */

/* Begin PBXFrameworksBuildPhase section */
		EB0F7F9F1AE6E3BC0023E56D /* Frameworks */ = {
			isa = PBXFrameworksBuildPhase;
			buildActionMask = 2147483647;
			files = (
			);
			runOnlyForDeploymentPostprocessing = 0;
		};
		EB0F7FB41AE6E3BC0023E56D /* Frameworks */ = {
			isa = PBXFrameworksBuildPhase;
			buildActionMask = 2147483647;
			files = (
			);
			runOnlyForDeploymentPostprocessing = 0;
		};
/* End PBXFrameworksBuildPhase section */

/* Begin PBXGroup section */
		EB0F7F991AE6E3BC0023E56D = {
			isa = PBXGroup;
			children = (
				EB0F7FA41AE6E3BC0023E56D /* YoonyteTestForTabSignIn */,
				EB0F7FBA1AE6E3BC0023E56D /* YoonyteTestForTabSignInTests */,
				EB0F7FA31AE6E3BC0023E56D /* Products */,
			);
			sourceTree = "<group>";
		};
		EB0F7FA31AE6E3BC0023E56D /* Products */ = {
			isa = PBXGroup;
			children = (
				EB0F7FA21AE6E3BC0023E56D /* YoonyteTestForTabSignIn.app */,
				EB0F7FB71AE6E3BC0023E56D /* YoonyteTestForTabSignInTests.xctest */,
			);
			name = Products;
			sourceTree = "<group>";
		};
		EB0F7FA41AE6E3BC0023E56D /* YoonyteTestForTabSignIn */ = {
			isa = PBXGroup;
			children = (
				EB0F7FA71AE6E3BC0023E56D /* AppDelegate.swift */,
				EB0F7FA91AE6E3BC0023E56D /* ViewController.swift */,
				EB0F7FAB1AE6E3BC0023E56D /* Main.storyboard */,
				EB0F7FAE1AE6E3BC0023E56D /* Images.xcassets */,
				EB0F7FB01AE6E3BC0023E56D /* LaunchScreen.xib */,
				EB0F7FA51AE6E3BC0023E56D /* Supporting Files */,
			);
			path = YoonyteTestForTabSignIn;
			sourceTree = "<group>";
		};
		EB0F7FA51AE6E3BC0023E56D /* Supporting Files */ = {
			isa = PBXGroup;
			children = (
				EB0F7FA61AE6E3BC0023E56D /* Info.plist */,
			);
			name = "Supporting Files";
			sourceTree = "<group>";
		};
		EB0F7FBA1AE6E3BC0023E56D /* YoonyteTestForTabSignInTests */ = {
			isa = PBXGroup;
			children = (
				EB0F7FBD1AE6E3BC0023E56D /* YoonyteTestForTabSignInTests.swift */,
				EB0F7FBB1AE6E3BC0023E56D /* Supporting Files */,
			);
			path = YoonyteTestForTabSignInTests;
			sourceTree = "<group>";
		};
		EB0F7FBB1AE6E3BC0023E56D /* Supporting Files */ = {
			isa = PBXGroup;
			children = (
				EB0F7FBC1AE6E3BC0023E56D /* Info.plist */,
			);
			name = "Supporting Files";
			sourceTree = "<group>";
		};
/* End PBXGroup section */

/* Begin PBXNativeTarget section */
		EB0F7FA11AE6E3BC0023E56D /* YoonyteTestForTabSignIn */ = {
			isa = PBXNativeTarget;
			buildConfigurationList = EB0F7FC11AE6E3BC0023E56D /* Build configuration list for PBXNativeTarget "YoonyteTestForTabSignIn" */;
			buildPhases = (
				EB0F7F9E1AE6E3BC0023E56D /* Sources */,
				EB0F7F9F1AE6E3BC0023E56D /* Frameworks */,
				EB0F7FA01AE6E3BC0023E56D /* Resources */,
			);
			buildRules = (
			);
			dependencies = (
			);
			name = YoonyteTestForTabSignIn;
			productName = YoonyteTestForTabSignIn;
			productReference = EB0F7FA21AE6E3BC0023E56D /* YoonyteTestForTabSignIn.app */;
			productType = "com.apple.product-type.application";
		};
		EB0F7FB61AE6E3BC0023E56D /* YoonyteTestForTabSignInTests */ = {
			isa = PBXNativeTarget;
			buildConfigurationList = EB0F7FC41AE6E3BC0023E56D /* Build configuration list for PBXNativeTarget "YoonyteTestForTabSignInTests" */;
			buildPhases = (
				EB0F7FB31AE6E3BC0023E56D /* Sources */,
				EB0F7FB41AE6E3BC0023E56D /* Frameworks */,
				EB0F7FB51AE6E3BC0023E56D /* Resources */,
			);
			buildRules = (
			);
			dependencies = (
				EB0F7FB91AE6E3BC0023E56D /* PBXTargetDependency */,
			);
			name = YoonyteTestForTabSignInTests;
			productName = YoonyteTestForTabSignInTests;
			productReference = EB0F7FB71AE6E3BC0023E56D /* YoonyteTestForTabSignInTests.xctest */;
			productType = "com.apple.product-type.bundle.unit-test";
		};
/* End PBXNativeTarget section */

/* Begin PBXProject section */
		EB0F7F9A1AE6E3BC0023E56D /* Project object */ = {
			isa = PBXProject;
			attributes = {
				LastUpgradeCheck = 0630;
				ORGANIZATIONNAME = Mirek;
				TargetAttributes = {
					EB0F7FA11AE6E3BC0023E56D = {
						CreatedOnToolsVersion = 6.3;
					};
					EB0F7FB61AE6E3BC0023E56D = {
						CreatedOnToolsVersion = 6.3;
						TestTargetID = EB0F7FA11AE6E3BC0023E56D;
					};
				};
			};
			buildConfigurationList = EB0F7F9D1AE6E3BC0023E56D /* Build configuration list for PBXProject "YoonyteTestForTabSignIn" */;
			compatibilityVersion = "Xcode 3.2";
			developmentRegion = English;
			hasScannedForEncodings = 0;
			knownRegions = (
				en,
				Base,
			);
			mainGroup = EB0F7F991AE6E3BC0023E56D;
			productRefGroup = EB0F7FA31AE6E3BC0023E56D /* Products */;
			projectDirPath = "";
			projectRoot = "";
			targets = (
				EB0F7FA11AE6E3BC0023E56D /* YoonyteTestForTabSignIn */,
				EB0F7FB61AE6E3BC0023E56D /* YoonyteTestForTabSignInTests */,
			);
		};
/* End PBXProject section */

/* Begin PBXResourcesBuildPhase section */
		EB0F7FA01AE6E3BC0023E56D /* Resources */ = {
			isa = PBXResourcesBuildPhase;
			buildActionMask = 2147483647;
			files = (
				EB0F7FAD1AE6E3BC0023E56D /* Main.storyboard in Resources */,
				EB0F7FB21AE6E3BC0023E56D /* LaunchScreen.xib in Resources */,
				EB0F7FAF1AE6E3BC0023E56D /* Images.xcassets in Resources */,
			);
			runOnlyForDeploymentPostprocessing = 0;
		};
		EB0F7FB51AE6E3BC0023E56D /* Resources */ = {
			isa = PBXResourcesBuildPhase;
			buildActionMask = 2147483647;
			files = (
			);
			runOnlyForDeploymentPostprocessing = 0;
		};
/* End PBXResourcesBuildPhase section */

/* Begin PBXSourcesBuildPhase section */
		EB0F7F9E1AE6E3BC0023E56D /* Sources */ = {
			isa = PBXSourcesBuildPhase;
			buildActionMask = 2147483647;
			files = (
				EB0F7FAA1AE6E3BC0023E56D /* ViewController.swift in Sources */,
				EB0F7FA81AE6E3BC0023E56D /* AppDelegate.swift in Sources */,
			);
			runOnlyForDeploymentPostprocessing = 0;
		};
		EB0F7FB31AE6E3BC0023E56D /* Sources */ = {
			isa = PBXSourcesBuildPhase;
			buildActionMask = 2147483647;
			files = (
				EB0F7FBE1AE6E3BC0023E56D /* YoonyteTestForTabSignInTests.swift in Sources */,
			);
			runOnlyForDeploymentPostprocessing = 0;
		};
/* End PBXSourcesBuildPhase section */

/* Begin PBXTargetDependency section */
		EB0F7FB91AE6E3BC0023E56D /* PBXTargetDependency */ = {
			isa = PBXTargetDependency;
			target = EB0F7FA11AE6E3BC0023E56D /* YoonyteTestForTabSignIn */;
			targetProxy = EB0F7FB81AE6E3BC0023E56D /* PBXContainerItemProxy */;
		};
/* End PBXTargetDependency section */

/* Begin PBXVariantGroup section */
		EB0F7FAB1AE6E3BC0023E56D /* Main.storyboard */ = {
			isa = PBXVariantGroup;
			children = (
				EB0F7FAC1AE6E3BC0023E56D /* Base */,
			);
			name = Main.storyboard;
			sourceTree = "<group>";
		};
		EB0F7FB01AE6E3BC0023E56D /* LaunchScreen.xib */ = {
			isa = PBXVariantGroup;
			children = (
				EB0F7FB11AE6E3BC0023E56D /* Base */,
			);
			name = LaunchScreen.xib;
			sourceTree = "<group>";
		};
/* End PBXVariantGroup section */

/* Begin XCBuildConfiguration section */
		EB0F7FBF1AE6E3BC0023E56D /* Debug */ = {
			isa = XCBuildConfiguration;
			buildSettings = {
				ALWAYS_SEARCH_USER_PATHS = NO;
				CLANG_CXX_LANGUAGE_STANDARD = "gnu++0x";
				CLANG_CXX_LIBRARY = "libc++";
				CLANG_ENABLE_MODULES = YES;
				CLANG_ENABLE_OBJC_ARC = YES;
				CLANG_WARN_BOOL_CONVERSION = YES;
				CLANG_WARN_CONSTANT_CONVERSION = YES;
				CLANG_WARN_DIRECT_OBJC_ISA_USAGE = YES_ERROR;
				CLANG_WARN_EMPTY_BODY = YES;
				CLANG_WARN_ENUM_CONVERSION = YES;
				CLANG_WARN_INT_CONVERSION = YES;
				CLANG_WARN_OBJC_ROOT_CLASS = YES_ERROR;
				CLANG_WARN_UNREACHABLE_CODE = YES;
				CLANG_WARN__DUPLICATE_METHOD_MATCH = YES;
				"CODE_SIGN_IDENTITY[sdk=iphoneos*]" = "iPhone Developer";
				COPY_PHASE_STRIP = NO;
				DEBUG_INFORMATION_FORMAT = "dwarf-with-dsym";
				ENABLE_STRICT_OBJC_MSGSEND = YES;
				GCC_C_LANGUAGE_STANDARD = gnu99;
				GCC_DYNAMIC_NO_PIC = NO;
				GCC_NO_COMMON_BLOCKS = YES;
				GCC_OPTIMIZATION_LEVEL = 0;
				GCC_PREPROCESSOR_DEFINITIONS = (
					"DEBUG=1",
					"$(inherited)",
				);
				GCC_SYMBOLS_PRIVATE_EXTERN = NO;
				GCC_WARN_64_TO_32_BIT_CONVERSION = YES;
				GCC_WARN_ABOUT_RETURN_TYPE = YES_ERROR;
				GCC_WARN_UNDECLARED_SELECTOR = YES;
				GCC_WARN_UNINITIALIZED_AUTOS = YES_AGGRESSIVE;
				GCC_WARN_UNUSED_FUNCTION = YES;
				GCC_WARN_UNUSED_VARIABLE = YES;
				IPHONEOS_DEPLOYMENT_TARGET = 8.3;
				MTL_ENABLE_DEBUG_INFO = YES;
				ONLY_ACTIVE_ARCH = YES;
				SDKROOT = iphoneos;
				SWIFT_OPTIMIZATION_LEVEL = "-Onone";
			};
			name = Debug;
		};
		EB0F7FC01AE6E3BC0023E56D /* Release */ = {
			isa = XCBuildConfiguration;
			buildSettings = {
				ALWAYS_SEARCH_USER_PATHS = NO;
				CLANG_CXX_LANGUAGE_STANDARD = "gnu++0x";
				CLANG_CXX_LIBRARY = "libc++";
				CLANG_ENABLE_MODULES = YES;
				CLANG_ENABLE_OBJC_ARC = YES;
				CLANG_WARN_BOOL_CONVERSION = YES;
				CLANG_WARN_CONSTANT_CONVERSION = YES;
				CLANG_WARN_DIRECT_OBJC_ISA_USAGE = YES_ERROR;
				CLANG_WARN_EMPTY_BODY = YES;
				CLANG_WARN_ENUM_CONVERSION = YES;
				CLANG_WARN_INT_CONVERSION = YES;
				CLANG_WARN_OBJC_ROOT_CLASS = YES_ERROR;
				CLANG_WARN_UNREACHABLE_CODE = YES;
				CLANG_WARN__DUPLICATE_METHOD_MATCH = YES;
				"CODE_SIGN_IDENTITY[sdk=iphoneos*]" = "iPhone Developer";
				COPY_PHASE_STRIP = NO;
				DEBUG_INFORMATION_FORMAT = "dwarf-with-dsym";
				ENABLE_NS_ASSERTIONS = NO;
				ENABLE_STRICT_OBJC_MSGSEND = YES;
				GCC_C_LANGUAGE_STANDARD = gnu99;
				GCC_NO_COMMON_BLOCKS = YES;
				GCC_WARN_64_TO_32_BIT_CONVERSION = YES;
				GCC_WARN_ABOUT_RETURN_TYPE = YES_ERROR;
				GCC_WARN_UNDECLARED_SELECTOR = YES;
				GCC_WARN_UNINITIALIZED_AUTOS = YES_AGGRESSIVE;
				GCC_WARN_UNUSED_FUNCTION = YES;
				GCC_WARN_UNUSED_VARIABLE = YES;
				IPHONEOS_DEPLOYMENT_TARGET = 8.3;
				MTL_ENABLE_DEBUG_INFO = NO;
				SDKROOT = iphoneos;
				VALIDATE_PRODUCT = YES;
			};
			name = Release;
		};
		EB0F7FC21AE6E3BC0023E56D /* Debug */ = {
			isa = XCBuildConfiguration;
			buildSettings = {
				ASSETCATALOG_COMPILER_APPICON_NAME = AppIcon;
				INFOPLIST_FILE = YoonyteTestForTabSignIn/Info.plist;
				LD_RUNPATH_SEARCH_PATHS = "$(inherited) @executable_path/Frameworks";
				PRODUCT_NAME = "$(TARGET_NAME)";
			};
			name = Debug;
		};
		EB0F7FC31AE6E3BC0023E56D /* Release */ = {
			isa = XCBuildConfiguration;
			buildSettings = {
				ASSETCATALOG_COMPILER_APPICON_NAME = AppIcon;
				INFOPLIST_FILE = YoonyteTestForTabSignIn/Info.plist;
				LD_RUNPATH_SEARCH_PATHS = "$(inherited) @executable_path/Frameworks";
				PRODUCT_NAME = "$(TARGET_NAME)";
			};
			name = Release;
		};
		EB0F7FC51AE6E3BC0023E56D /* Debug */ = {
			isa = XCBuildConfiguration;
			buildSettings = {
				BUNDLE_LOADER = "$(TEST_HOST)";
				FRAMEWORK_SEARCH_PATHS = (
					"$(SDKROOT)/Developer/Library/Frameworks",
					"$(inherited)",
				);
				GCC_PREPROCESSOR_DEFINITIONS = (
					"DEBUG=1",
					"$(inherited)",
				);
				INFOPLIST_FILE = YoonyteTestForTabSignInTests/Info.plist;
				LD_RUNPATH_SEARCH_PATHS = "$(inherited) @executable_path/Frameworks @loader_path/Frameworks";
				PRODUCT_NAME = "$(TARGET_NAME)";
				TEST_HOST = "$(BUILT_PRODUCTS_DIR)/YoonyteTestForTabSignIn.app/YoonyteTestForTabSignIn";
			};
			name = Debug;
		};
		EB0F7FC61AE6E3BC0023E56D /* Release */ = {
			isa = XCBuildConfiguration;
			buildSettings = {
				BUNDLE_LOADER = "$(TEST_HOST)";
				FRAMEWORK_SEARCH_PATHS = (
					"$(SDKROOT)/Developer/Library/Frameworks",
					"$(inherited)",
				);
				INFOPLIST_FILE = YoonyteTestForTabSignInTests/Info.plist;
				LD_RUNPATH_SEARCH_PATHS = "$(inherited) @executable_path/Frameworks @loader_path/Frameworks";
				PRODUCT_NAME = "$(TARGET_NAME)";
				TEST_HOST = "$(BUILT_PRODUCTS_DIR)/YoonyteTestForTabSignIn.app/YoonyteTestForTabSignIn";
			};
			name = Release;
		};
/* End XCBuildConfiguration section */

/* Begin XCConfigurationList section */
		EB0F7F9D1AE6E3BC0023E56D /* Build configuration list for PBXProject "YoonyteTestForTabSignIn" */ = {
			isa = XCConfigurationList;
			buildConfigurations = (
				EB0F7FBF1AE6E3BC0023E56D /* Debug */,
				EB0F7FC01AE6E3BC0023E56D /* Release */,
			);
			defaultConfigurationIsVisible = 0;
			defaultConfigurationName = Release;
		};
		EB0F7FC11AE6E3BC0023E56D /* Build configuration list for PBXNativeTarget "YoonyteTestForTabSignIn" */ = {
			isa = XCConfigurationList;
			buildConfigurations = (
				EB0F7FC21AE6E3BC0023E56D /* Debug */,
				EB0F7FC31AE6E3BC0023E56D /* Release */,
			);
			defaultConfigurationIsVisible = 0;
		};
		EB0F7FC41AE6E3BC0023E56D /* Build configuration list for PBXNativeTarget "YoonyteTestForTabSignInTests" */ = {
			isa = XCConfigurationList;
			buildConfigurations = (
				EB0F7FC51AE6E3BC0023E56D /* Debug */,
				EB0F7FC61AE6E3BC0023E56D /* Release */,
			);
			defaultConfigurationIsVisible = 0;
		};
/* End XCConfigurationList section */
	};
	rootObject = EB0F7F9A1AE6E3BC0023E56D /* Project object */;
}
